
Microsoft Visual Studio Solution File, Format Version 12.00
# Visual Studio 2012
Project("{FAE04EC0-301F-11D3-BF4B-00C04F79EFBC}") = "simpleapp-with-framework", "simpleapp-with-framework\simpleapp-with-framework.csproj", "{14DD74BA-837E-45C3-B2D3-2A167BD22B1F}"
EndProject
Project("{FAE04EC0-301F-11D3-BF4B-00C04F79EFBC}") = "photoeditingextension", "photoeditingextension\photoeditingextension.csproj", "{524ED885-7ED0-493F-86D1-99A27EA13085}"
EndProject
Project("{FAE04EC0-301F-11D3-BF4B-00C04F79EFBC}") = "simpleapp-with-framework-binding", "simpleapp-with-framework-binding\simpleapp-with-framework-binding.csproj", "{893DDF88-2D0B-4AB3-B008-12F5765A4510}"
EndProject
Global
	GlobalSection(SolutionConfigurationPlatforms) = preSolution
		Debug|iPhoneSimulator = Debug|iPhoneSimulator
		Release|iPhone = Release|iPhone
		Release|iPhoneSimulator = Release|iPhoneSimulator
		Debug|iPhone = Debug|iPhone
	EndGlobalSection
	GlobalSection(ProjectConfigurationPlatforms) = postSolution
		{14DD74BA-837E-45C3-B2D3-2A167BD22B1F}.Debug|iPhone.ActiveCfg = Debug|iPhone
		{14DD74BA-837E-45C3-B2D3-2A167BD22B1F}.Debug|iPhone.Build.0 = Debug|iPhone
		{14DD74BA-837E-45C3-B2D3-2A167BD22B1F}.Debug|iPhoneSimulator.ActiveCfg = Debug|iPhoneSimulator
		{14DD74BA-837E-45C3-B2D3-2A167BD22B1F}.Debug|iPhoneSimulator.Build.0 = Debug|iPhoneSimulator
		{14DD74BA-837E-45C3-B2D3-2A167BD22B1F}.Release|iPhone.ActiveCfg = Release|iPhone
		{14DD74BA-837E-45C3-B2D3-2A167BD22B1F}.Release|iPhone.Build.0 = Release|iPhone
		{14DD74BA-837E-45C3-B2D3-2A167BD22B1F}.Release|iPhoneSimulator.ActiveCfg = Release|iPhoneSimulator
		{14DD74BA-837E-45C3-B2D3-2A167BD22B1F}.Release|iPhoneSimulator.Build.0 = Release|iPhoneSimulator
		{524ED885-7ED0-493F-86D1-99A27EA13085}.Debug|iPhone.ActiveCfg = Debug|iPhone
		{524ED885-7ED0-493F-86D1-99A27EA13085}.Debug|iPhone.Build.0 = Debug|iPhone
		{524ED885-7ED0-493F-86D1-99A27EA13085}.Debug|iPhoneSimulator.ActiveCfg = Debug|iPhoneSimulator
		{524ED885-7ED0-493F-86D1-99A27EA13085}.Debug|iPhoneSimulator.Build.0 = Debug|iPhoneSimulator
		{524ED885-7ED0-493F-86D1-99A27EA13085}.Release|iPhone.ActiveCfg = Release|iPhone
		{524ED885-7ED0-493F-86D1-99A27EA13085}.Release|iPhone.Build.0 = Release|iPhone
		{524ED885-7ED0-493F-86D1-99A27EA13085}.Release|iPhoneSimulator.ActiveCfg = Release|iPhoneSimulator
		{524ED885-7ED0-493F-86D1-99A27EA13085}.Release|iPhoneSimulator.Build.0 = Release|iPhoneSimulator
		{893DDF88-2D0B-4AB3-B008-12F5765A4510}.Debug|iPhone.ActiveCfg = Debug|Any CPU
		{893DDF88-2D0B-4AB3-B008-12F5765A4510}.Debug|iPhone.Build.0 = Debug|Any CPU
		{893DDF88-2D0B-4AB3-B008-12F5765A4510}.Debug|iPhoneSimulator.ActiveCfg = Debug|Any CPU
		{893DDF88-2D0B-4AB3-B008-12F5765A4510}.Debug|iPhoneSimulator.Build.0 = Debug|Any CPU
		{893DDF88-2D0B-4AB3-B008-12F5765A4510}.Release|iPhone.ActiveCfg = Release|Any CPU
		{893DDF88-2D0B-4AB3-B008-12F5765A4510}.Release|iPhone.Build.0 = Release|Any CPU
		{893DDF88-2D0B-4AB3-B008-12F5765A4510}.Release|iPhoneSimulator.ActiveCfg = Release|Any CPU
		{893DDF88-2D0B-4AB3-B008-12F5765A4510}.Release|iPhoneSimulator.Build.0 = Release|Any CPU
	EndGlobalSection
EndGlobal
